
Microsoft Visual Studio Solution File, Format Version 12.00
# Visual Studio Version 17
VisualStudioVersion = 17.5.33516.290
MinimumVisualStudioVersion = 10.0.40219.1
Project("{FAE04EC0-301F-11D3-BF4B-00C04F79EFBC}") = "Core5_Proje", "Core5_Proje\Core5_Proje.csproj", "{2A56F2BC-DEAB-4810-900D-F35E03B8C8F2}"
EndProject
Global
	GlobalSection(SolutionConfigurationPlatforms) = preSolution
		Debug|Any CPU = Debug|Any CPU
		Release|Any CPU = Release|Any CPU
	EndGlobalSection
	GlobalSection(ProjectConfigurationPlatforms) = postSolution
		{2A56F2BC-DEAB-4810-900D-F35E03B8C8F2}.Debug|Any CPU.ActiveCfg = Debug|Any CPU
		{2A56F2BC-DEAB-4810-900D-F35E03B8C8F2}.Debug|Any CPU.Build.0 = Debug|Any CPU
		{2A56F2BC-DEAB-4810-900D-F35E03B8C8F2}.Release|Any CPU.ActiveCfg = Release|Any CPU
		{2A56F2BC-DEAB-4810-900D-F35E03B8C8F2}.Release|Any CPU.Build.0 = Release|Any CPU
	EndGlobalSection
	GlobalSection(SolutionProperties) = preSolution
		HideSolutionNode = FALSE
	EndGlobalSection
	GlobalSection(ExtensibilityGlobals) = postSolution
		SolutionGuid = {6D29D96F-C3AE-49A1-B018-7C83AFCE74AF}
	EndGlobalSection
EndGlobal
